
Microsoft Visual Studio Solution File, Format Version 12.00
# Visual Studio Version 17
VisualStudioVersion = 17.6.33829.357
MinimumVisualStudioVersion = 10.0.40219.1
Project("{FAE04EC0-301F-11D3-BF4B-00C04F79EFBC}") = "Calculator", "Calculator.csproj", "{B422CF7F-5474-474C-84CD-081DF8AB0190}"
EndProject
Global
	GlobalSection(SolutionConfigurationPlatforms) = preSolution
		Debug|Any CPU = Debug|Any CPU
		Release|Any CPU = Release|Any CPU
	EndGlobalSection
	GlobalSection(ProjectConfigurationPlatforms) = postSolution
		{B422CF7F-5474-474C-84CD-081DF8AB0190}.Debug|Any CPU.ActiveCfg = Debug|Any CPU
		{B422CF7F-5474-474C-84CD-081DF8AB0190}.Debug|Any CPU.Build.0 = Debug|Any CPU
		{B422CF7F-5474-474C-84CD-081DF8AB0190}.Release|Any CPU.ActiveCfg = Release|Any CPU
		{B422CF7F-5474-474C-84CD-081DF8AB0190}.Release|Any CPU.Build.0 = Release|Any CPU
	EndGlobalSection
	GlobalSection(SolutionProperties) = preSolution
		HideSolutionNode = FALSE
	EndGlobalSection
	GlobalSection(ExtensibilityGlobals) = postSolution
		SolutionGuid = {4CE9785F-1BDE-4AD8-8BDD-1E699A306C37}
	EndGlobalSection
EndGlobal
